uuid: 2909681c-fae9-4973-894f-41cfcf14cc2e
langcode: en
status: true
dependencies:
  module:
    - aa_pages
  theme:
    - aa_theme
id: aboutuslandingpageblock
theme: aa_theme
region: about
weight: 0
provider: null
plugin: about_us_landing_page_block
settings:
  id: about_us_landing_page_block
  label: 'About us landing page block'
  provider: aa_pages
  label_display: '0'
visibility: {  }
